// !$*UTF8*$!
{
	archiveVersion = 1;
	classes = {
	};
	objectVersion = 46;
	objects = {

/* Begin PBXBuildFile section */
		D87365C51F669F6E00A64C5B /* JoAppDelegate.swift in Sources */ = {isa = PBXBuildFile; fileRef = D87365C21F669F6E00A64C5B /* JoAppDelegate.swift */; };
		D87365C61F669F6E00A64C5B /* JoNavigationController.swift in Sources */ = {isa = PBXBuildFile; fileRef = D87365C31F669F6E00A64C5B /* JoNavigationController.swift */; };
		D87365C71F669F6E00A64C5B /* JoViewController.swift in Sources */ = {isa = PBXBuildFile; fileRef = D87365C41F669F6E00A64C5B /* JoViewController.swift */; };
		D87365DB1F66A2E700A64C5B /* JoDanmakuRedView.swift in Sources */ = {isa = PBXBuildFile; fileRef = D87365D81F66A2E700A64C5B /* JoDanmakuRedView.swift */; };
		D87365DD1F66A2E700A64C5B /* JoDanmakuYellowView.swift in Sources */ = {isa = PBXBuildFile; fileRef = D87365DA1F66A2E700A64C5B /* JoDanmakuYellowView.swift */; };
		D87365E01F66A31000A64C5B /* JoDanmaku.framework in Frameworks */ = {isa = PBXBuildFile; fileRef = D87365D61F66A06800A64C5B /* JoDanmaku.framework */; };
		D87365E11F66A31000A64C5B /* JoDanmaku.framework in Embed Frameworks */ = {isa = PBXBuildFile; fileRef = D87365D61F66A06800A64C5B /* JoDanmaku.framework */; settings = {ATTRIBUTES = (CodeSignOnCopy, RemoveHeadersOnCopy, ); }; };
/* End PBXBuildFile section */

/* Begin PBXContainerItemProxy section */
		D87365D51F66A06800A64C5B /* PBXContainerItemProxy */ = {
			isa = PBXContainerItemProxy;
			containerPortal = D87365D11F66A06800A64C5B /* JoDanmaku.xcodeproj */;
			proxyType = 2;
			remoteGlobalIDString = D87365A81F669DB700A64C5B;
			remoteInfo = JoDanmaku;
		};
		D87365E21F66A31000A64C5B /* PBXContainerItemProxy */ = {
			isa = PBXContainerItemProxy;
			containerPortal = D87365D11F66A06800A64C5B /* JoDanmaku.xcodeproj */;
			proxyType = 1;
			remoteGlobalIDString = D87365A71F669DB700A64C5B;
			remoteInfo = JoDanmaku;
		};
/* End PBXContainerItemProxy section */

/* Begin PBXCopyFilesBuildPhase section */
		D87365E41F66A31000A64C5B /* Embed Frameworks */ = {
			isa = PBXCopyFilesBuildPhase;
			buildActionMask = 2147483647;
			dstPath = "";
			dstSubfolderSpec = 10;
			files = (
				D87365E11F66A31000A64C5B /* JoDanmaku.framework in Embed Frameworks */,
			);
			name = "Embed Frameworks";
			runOnlyForDeploymentPostprocessing = 0;
		};
/* End PBXCopyFilesBuildPhase section */

/* Begin PBXFileReference section */
		D87365601F669BEE00A64C5B /* Example.app */ = {isa = PBXFileReference; explicitFileType = wrapper.application; includeInIndex = 0; path = Example.app; sourceTree = BUILT_PRODUCTS_DIR; };
		D87365C21F669F6E00A64C5B /* JoAppDelegate.swift */ = {isa = PBXFileReference; fileEncoding = 4; lastKnownFileType = sourcecode.swift; path = JoAppDelegate.swift; sourceTree = "<group>"; };
		D87365C31F669F6E00A64C5B /* JoNavigationController.swift */ = {isa = PBXFileReference; fileEncoding = 4; lastKnownFileType = sourcecode.swift; path = JoNavigationController.swift; sourceTree = "<group>"; };
		D87365C41F669F6E00A64C5B /* JoViewController.swift */ = {isa = PBXFileReference; fileEncoding = 4; lastKnownFileType = sourcecode.swift; path = JoViewController.swift; sourceTree = "<group>"; };
		D87365C91F669F8A00A64C5B /* Assets.xcassets */ = {isa = PBXFileReference; lastKnownFileType = folder.assetcatalog; name = Assets.xcassets; path = Resources/Assets.xcassets; sourceTree = SOURCE_ROOT; };
		D87365CC1F669F8A00A64C5B /* Base */ = {isa = PBXFileReference; lastKnownFileType = file.storyboard; name = Base; path = LaunchScreen.storyboard; sourceTree = "<group>"; };
		D87365CD1F669F8A00A64C5B /* Info.plist */ = {isa = PBXFileReference; fileEncoding = 4; lastKnownFileType = text.plist.xml; name = Info.plist; path = Resources/Info.plist; sourceTree = SOURCE_ROOT; };
		D87365D11F66A06800A64C5B /* JoDanmaku.xcodeproj */ = {isa = PBXFileReference; lastKnownFileType = "wrapper.pb-project"; name = JoDanmaku.xcodeproj; path = ../JoDanmaku.xcodeproj; sourceTree = "<group>"; };
		D87365D81F66A2E700A64C5B /* JoDanmakuRedView.swift */ = {isa = PBXFileReference; fileEncoding = 4; lastKnownFileType = sourcecode.swift; path = JoDanmakuRedView.swift; sourceTree = "<group>"; };
		D87365DA1F66A2E700A64C5B /* JoDanmakuYellowView.swift */ = {isa = PBXFileReference; fileEncoding = 4; lastKnownFileType = sourcecode.swift; path = JoDanmakuYellowView.swift; sourceTree = "<group>"; };
/* End PBXFileReference section */

/* Begin PBXFrameworksBuildPhase section */
		D873655D1F669BEE00A64C5B /* Frameworks */ = {
			isa = PBXFrameworksBuildPhase;
			buildActionMask = 2147483647;
			files = (
				D87365E01F66A31000A64C5B /* JoDanmaku.framework in Frameworks */,
			);
			runOnlyForDeploymentPostprocessing = 0;
		};
/* End PBXFrameworksBuildPhase section */

/* Begin PBXGroup section */
		D87365571F669BEE00A64C5B = {
			isa = PBXGroup;
			children = (
				D87365D11F66A06800A64C5B /* JoDanmaku.xcodeproj */,
				D87365C11F669F6E00A64C5B /* Source */,
				D87365611F669BEE00A64C5B /* Products */,
			);
			sourceTree = "<group>";
		};
		D87365611F669BEE00A64C5B /* Products */ = {
			isa = PBXGroup;
			children = (
				D87365601F669BEE00A64C5B /* Example.app */,
			);
			name = Products;
			sourceTree = "<group>";
		};
		D87365C11F669F6E00A64C5B /* Source */ = {
			isa = PBXGroup;
			children = (
				D87365D81F66A2E700A64C5B /* JoDanmakuRedView.swift */,
				D87365DA1F66A2E700A64C5B /* JoDanmakuYellowView.swift */,
				D87365C21F669F6E00A64C5B /* JoAppDelegate.swift */,
				D87365C31F669F6E00A64C5B /* JoNavigationController.swift */,
				D87365C41F669F6E00A64C5B /* JoViewController.swift */,
				D87365C81F669F7B00A64C5B /* Supporting Files */,
			);
			path = Source;
			sourceTree = "<group>";
		};
		D87365C81F669F7B00A64C5B /* Supporting Files */ = {
			isa = PBXGroup;
			children = (
				D87365C91F669F8A00A64C5B /* Assets.xcassets */,
				D87365CA1F669F8A00A64C5B /* Base.lproj */,
				D87365CD1F669F8A00A64C5B /* Info.plist */,
			);
			name = "Supporting Files";
			sourceTree = "<group>";
		};
		D87365CA1F669F8A00A64C5B /* Base.lproj */ = {
			isa = PBXGroup;
			children = (
				D87365CB1F669F8A00A64C5B /* LaunchScreen.storyboard */,
			);
			name = Base.lproj;
			path = Resources/Base.lproj;
			sourceTree = SOURCE_ROOT;
		};
		D87365D21F66A06800A64C5B /* Products */ = {
			isa = PBXGroup;
			children = (
				D87365D61F66A06800A64C5B /* JoDanmaku.framework */,
			);
			name = Products;
			sourceTree = "<group>";
		};
/* End PBXGroup section */

/* Begin PBXNativeTarget section */
		D873655F1F669BEE00A64C5B /* Example */ = {
			isa = PBXNativeTarget;
			buildConfigurationList = D873657D1F669BEE00A64C5B /* Build configuration list for PBXNativeTarget "Example" */;
			buildPhases = (
				D873655C1F669BEE00A64C5B /* Sources */,
				D873655D1F669BEE00A64C5B /* Frameworks */,
				D873655E1F669BEE00A64C5B /* Resources */,
				D87365E41F66A31000A64C5B /* Embed Frameworks */,
			);
			buildRules = (
			);
			dependencies = (
				D87365E31F66A31000A64C5B /* PBXTargetDependency */,
			);
			name = Example;
			productName = Example;
			productReference = D87365601F669BEE00A64C5B /* Example.app */;
			productType = "com.apple.product-type.application";
		};
/* End PBXNativeTarget section */

/* Begin PBXProject section */
		D87365581F669BEE00A64C5B /* Project object */ = {
			isa = PBXProject;
			attributes = {
				LastSwiftUpdateCheck = 0830;
				LastUpgradeCheck = 0830;
				ORGANIZATIONNAME = "Django Lee";
				TargetAttributes = {
					D873655F1F669BEE00A64C5B = {
						CreatedOnToolsVersion = 8.3.3;
						DevelopmentTeam = 673AB3A2L9;
						ProvisioningStyle = Automatic;
					};
				};
			};
			buildConfigurationList = D873655B1F669BEE00A64C5B /* Build configuration list for PBXProject "Example" */;
			compatibilityVersion = "Xcode 3.2";
			developmentRegion = English;
			hasScannedForEncodings = 0;
			knownRegions = (
				en,
				Base,
			);
			mainGroup = D87365571F669BEE00A64C5B;
			productRefGroup = D87365611F669BEE00A64C5B /* Products */;
			projectDirPath = "";
			projectReferences = (
				{
					ProductGroup = D87365D21F66A06800A64C5B /* Products */;
					ProjectRef = D87365D11F66A06800A64C5B /* JoDanmaku.xcodeproj */;
				},
			);
			projectRoot = "";
			targets = (
				D873655F1F669BEE00A64C5B /* Example */,
			);
		};
/* End PBXProject section */

/* Begin PBXReferenceProxy section */
		D87365D61F66A06800A64C5B /* JoDanmaku.framework */ = {
			isa = PBXReferenceProxy;
			fileType = wrapper.framework;
			path = JoDanmaku.framework;
			remoteRef = D87365D51F66A06800A64C5B /* PBXContainerItemProxy */;
			sourceTree = BUILT_PRODUCTS_DIR;
		};
/* End PBXReferenceProxy section */

/* Begin PBXResourcesBuildPhase section */
		D873655E1F669BEE00A64C5B /* Resources */ = {
			isa = PBXResourcesBuildPhase;
			buildActionMask = 2147483647;
			files = (
			);
			runOnlyForDeploymentPostprocessing = 0;
		};
/* End PBXResourcesBuildPhase section */

/* Begin PBXSourcesBuildPhase section */
		D873655C1F669BEE00A64C5B /* Sources */ = {
			isa = PBXSourcesBuildPhase;
			buildActionMask = 2147483647;
			files = (
				D87365C61F669F6E00A64C5B /* JoNavigationController.swift in Sources */,
				D87365DB1F66A2E700A64C5B /* JoDanmakuRedView.swift in Sources */,
				D87365C51F669F6E00A64C5B /* JoAppDelegate.swift in Sources */,
				D87365C71F669F6E00A64C5B /* JoViewController.swift in Sources */,
				D87365DD1F66A2E700A64C5B /* JoDanmakuYellowView.swift in Sources */,
			);
			runOnlyForDeploymentPostprocessing = 0;
		};
/* End PBXSourcesBuildPhase section */

/* Begin PBXTargetDependency section */
		D87365E31F66A31000A64C5B /* PBXTargetDependency */ = {
			isa = PBXTargetDependency;
			name = JoDanmaku;
			targetProxy = D87365E21F66A31000A64C5B /* PBXContainerItemProxy */;
		};
/* End PBXTargetDependency section */

/* Begin PBXVariantGroup section */
		D87365CB1F669F8A00A64C5B /* LaunchScreen.storyboard */ = {
			isa = PBXVariantGroup;
			children = (
				D87365CC1F669F8A00A64C5B /* Base */,
			);
			name = LaunchScreen.storyboard;
			sourceTree = "<group>";
		};
/* End PBXVariantGroup section */

/* Begin XCBuildConfiguration section */
		D873657B1F669BEE00A64C5B /* Debug */ = {
			isa = XCBuildConfiguration;
			buildSettings = {
				ALWAYS_SEARCH_USER_PATHS = NO;
				CLANG_ANALYZER_NONNULL = YES;
				CLANG_ANALYZER_NUMBER_OBJECT_CONVERSION = YES_AGGRESSIVE;
				CLANG_CXX_LANGUAGE_STANDARD = "gnu++0x";
				CLANG_CXX_LIBRARY = "libc++";
				CLANG_ENABLE_MODULES = YES;
				CLANG_ENABLE_OBJC_ARC = YES;
				CLANG_WARN_BOOL_CONVERSION = YES;
				CLANG_WARN_CONSTANT_CONVERSION = YES;
				CLANG_WARN_DIRECT_OBJC_ISA_USAGE = YES_ERROR;
				CLANG_WARN_DOCUMENTATION_COMMENTS = YES;
				CLANG_WARN_EMPTY_BODY = YES;
				CLANG_WARN_ENUM_CONVERSION = YES;
				CLANG_WARN_INFINITE_RECURSION = YES;
				CLANG_WARN_INT_CONVERSION = YES;
				CLANG_WARN_OBJC_ROOT_CLASS = YES_ERROR;
				CLANG_WARN_SUSPICIOUS_MOVE = YES;
				CLANG_WARN_UNREACHABLE_CODE = YES;
				CLANG_WARN__DUPLICATE_METHOD_MATCH = YES;
				"CODE_SIGN_IDENTITY[sdk=iphoneos*]" = "iPhone Developer";
				COPY_PHASE_STRIP = NO;
				DEBUG_INFORMATION_FORMAT = dwarf;
				ENABLE_STRICT_OBJC_MSGSEND = YES;
				ENABLE_TESTABILITY = YES;
				GCC_C_LANGUAGE_STANDARD = gnu99;
				GCC_DYNAMIC_NO_PIC = NO;
				GCC_NO_COMMON_BLOCKS = YES;
				GCC_OPTIMIZATION_LEVEL = 0;
				GCC_PREPROCESSOR_DEFINITIONS = (
					"DEBUG=1",
					"$(inherited)",
				);
				GCC_WARN_64_TO_32_BIT_CONVERSION = YES;
				GCC_WARN_ABOUT_RETURN_TYPE = YES_ERROR;
				GCC_WARN_UNDECLARED_SELECTOR = YES;
				GCC_WARN_UNINITIALIZED_AUTOS = YES_AGGRESSIVE;
				GCC_WARN_UNUSED_FUNCTION = YES;
				GCC_WARN_UNUSED_VARIABLE = YES;
				IPHONEOS_DEPLOYMENT_TARGET = 10.3;
				MTL_ENABLE_DEBUG_INFO = YES;
				ONLY_ACTIVE_ARCH = YES;
				SDKROOT = iphoneos;
				SWIFT_ACTIVE_COMPILATION_CONDITIONS = DEBUG;
				SWIFT_OPTIMIZATION_LEVEL = "-Onone";
				TARGETED_DEVICE_FAMILY = "1,2";
			};
			name = Debug;
		};
		D873657C1F669BEE00A64C5B /* Release */ = {
			isa = XCBuildConfiguration;
			buildSettings = {
				ALWAYS_SEARCH_USER_PATHS = NO;
				CLANG_ANALYZER_NONNULL = YES;
				CLANG_ANALYZER_NUMBER_OBJECT_CONVERSION = YES_AGGRESSIVE;
				CLANG_CXX_LANGUAGE_STANDARD = "gnu++0x";
				CLANG_CXX_LIBRARY = "libc++";
				CLANG_ENABLE_MODULES = YES;
				CLANG_ENABLE_OBJC_ARC = YES;
				CLANG_WARN_BOOL_CONVERSION = YES;
				CLANG_WARN_CONSTANT_CONVERSION = YES;
				CLANG_WARN_DIRECT_OBJC_ISA_USAGE = YES_ERROR;
				CLANG_WARN_DOCUMENTATION_COMMENTS = YES;
				CLANG_WARN_EMPTY_BODY = YES;
				CLANG_WARN_ENUM_CONVERSION = YES;
				CLANG_WARN_INFINITE_RECURSION = YES;
				CLANG_WARN_INT_CONVERSION = YES;
				CLANG_WARN_OBJC_ROOT_CLASS = YES_ERROR;
				CLANG_WARN_SUSPICIOUS_MOVE = YES;
				CLANG_WARN_UNREACHABLE_CODE = YES;
				CLANG_WARN__DUPLICATE_METHOD_MATCH = YES;
				"CODE_SIGN_IDENTITY[sdk=iphoneos*]" = "iPhone Developer";
				COPY_PHASE_STRIP = NO;
				DEBUG_INFORMATION_FORMAT = "dwarf-with-dsym";
				ENABLE_NS_ASSERTIONS = NO;
				ENABLE_STRICT_OBJC_MSGSEND = YES;
				GCC_C_LANGUAGE_STANDARD = gnu99;
				GCC_NO_COMMON_BLOCKS = YES;
				GCC_WARN_64_TO_32_BIT_CONVERSION = YES;
				GCC_WARN_ABOUT_RETURN_TYPE = YES_ERROR;
				GCC_WARN_UNDECLARED_SELECTOR = YES;
				GCC_WARN_UNINITIALIZED_AUTOS = YES_AGGRESSIVE;
				GCC_WARN_UNUSED_FUNCTION = YES;
				GCC_WARN_UNUSED_VARIABLE = YES;
				IPHONEOS_DEPLOYMENT_TARGET = 10.3;
				MTL_ENABLE_DEBUG_INFO = NO;
				SDKROOT = iphoneos;
				SWIFT_OPTIMIZATION_LEVEL = "-Owholemodule";
				TARGETED_DEVICE_FAMILY = "1,2";
				VALIDATE_PRODUCT = YES;
			};
			name = Release;
		};
		D873657E1F669BEE00A64C5B /* Debug */ = {
			isa = XCBuildConfiguration;
			buildSettings = {
				ALWAYS_EMBED_SWIFT_STANDARD_LIBRARIES = YES;
				ASSETCATALOG_COMPILER_APPICON_NAME = AppIcon;
				DEVELOPMENT_TEAM = 673AB3A2L9;
				INFOPLIST_FILE = "$(SRCROOT)/Resources/Info.plist";
				IPHONEOS_DEPLOYMENT_TARGET = 8.0;
				LD_RUNPATH_SEARCH_PATHS = "$(inherited) @executable_path/Frameworks";
				PRODUCT_BUNDLE_IDENTIFIER = com.django.example;
				PRODUCT_NAME = "$(TARGET_NAME)";
				SWIFT_VERSION = 3.0;
			};
			name = Debug;
		};
		D873657F1F669BEE00A64C5B /* Release */ = {
			isa = XCBuildConfiguration;
			buildSettings = {
				ALWAYS_EMBED_SWIFT_STANDARD_LIBRARIES = YES;
				ASSETCATALOG_COMPILER_APPICON_NAME = AppIcon;
				DEVELOPMENT_TEAM = 673AB3A2L9;
				INFOPLIST_FILE = "$(SRCROOT)/Resources/Info.plist";
				IPHONEOS_DEPLOYMENT_TARGET = 8.0;
				LD_RUNPATH_SEARCH_PATHS = "$(inherited) @executable_path/Frameworks";
				PRODUCT_BUNDLE_IDENTIFIER = com.django.example;
				PRODUCT_NAME = "$(TARGET_NAME)";
				SWIFT_VERSION = 3.0;
			};
			name = Release;
		};
/* End XCBuildConfiguration section */

/* Begin XCConfigurationList section */
		D873655B1F669BEE00A64C5B /* Build configuration list for PBXProject "Example" */ = {
			isa = XCConfigurationList;
			buildConfigurations = (
				D873657B1F669BEE00A64C5B /* Debug */,
				D873657C1F669BEE00A64C5B /* Release */,
			);
			defaultConfigurationIsVisible = 0;
			defaultConfigurationName = Release;
		};
		D873657D1F669BEE00A64C5B /* Build configuration list for PBXNativeTarget "Example" */ = {
			isa = XCConfigurationList;
			buildConfigurations = (
				D873657E1F669BEE00A64C5B /* Debug */,
				D873657F1F669BEE00A64C5B /* Release */,
			);
			defaultConfigurationIsVisible = 0;
			defaultConfigurationName = Release;
		};
/* End XCConfigurationList section */
	};
	rootObject = D87365581F669BEE00A64C5B /* Project object */;
}
